// !$*UTF8*$!
{
	archiveVersion = 1;
	classes = {
	};
	objectVersion = 46;
	objects = {

/* Begin PBXBuildFile section */
		3E119C8E1DB711A7004E7A73 /* AFHTTPSessionManager.m in Sources */ = {isa = PBXBuildFile; fileRef = 3E119C821DB711A7004E7A73 /* AFHTTPSessionManager.m */; };
		3E119C8F1DB711A7004E7A73 /* AFNetworkReachabilityManager.m in Sources */ = {isa = PBXBuildFile; fileRef = 3E119C851DB711A7004E7A73 /* AFNetworkReachabilityManager.m */; };
		3E119C901DB711A7004E7A73 /* AFSecurityPolicy.m in Sources */ = {isa = PBXBuildFile; fileRef = 3E119C871DB711A7004E7A73 /* AFSecurityPolicy.m */; };
		3E119C911DB711A7004E7A73 /* AFURLRequestSerialization.m in Sources */ = {isa = PBXBuildFile; fileRef = 3E119C891DB711A7004E7A73 /* AFURLRequestSerialization.m */; };
		3E119C921DB711A7004E7A73 /* AFURLResponseSerialization.m in Sources */ = {isa = PBXBuildFile; fileRef = 3E119C8B1DB711A7004E7A73 /* AFURLResponseSerialization.m */; };
		3E119C931DB711A7004E7A73 /* AFURLSessionManager.m in Sources */ = {isa = PBXBuildFile; fileRef = 3E119C8D1DB711A7004E7A73 /* AFURLSessionManager.m */; };
		3E119C971DB71A89004E7A73 /* LTTWHttpRequest.m in Sources */ = {isa = PBXBuildFile; fileRef = 3E119C961DB71A89004E7A73 /* LTTWHttpRequest.m */; };
		3E119C9A1DB72790004E7A73 /* CFNetwork.framework in Frameworks */ = {isa = PBXBuildFile; fileRef = 3E119C991DB72790004E7A73 /* CFNetwork.framework */; };
		3E2798651DAF903700403F02 /* main.m in Sources */ = {isa = PBXBuildFile; fileRef = 3E2798641DAF903700403F02 /* main.m */; };
		3E2798681DAF903700403F02 /* AppDelegate.m in Sources */ = {isa = PBXBuildFile; fileRef = 3E2798671DAF903700403F02 /* AppDelegate.m */; };
		3E27986E1DAF903700403F02 /* Main.storyboard in Resources */ = {isa = PBXBuildFile; fileRef = 3E27986C1DAF903700403F02 /* Main.storyboard */; };
		3E2798731DAF903700403F02 /* LaunchScreen.storyboard in Resources */ = {isa = PBXBuildFile; fileRef = 3E2798711DAF903700403F02 /* LaunchScreen.storyboard */; };
		3E27987B1DAF909A00403F02 /* Assets.xcassets in Resources */ = {isa = PBXBuildFile; fileRef = 3E27987A1DAF909A00403F02 /* Assets.xcassets */; };
		3E2798801DAFACD500403F02 /* ViewController.m in Sources */ = {isa = PBXBuildFile; fileRef = 3E27987E1DAFACD500403F02 /* ViewController.m */; };
		3E2798831DAFACF600403F02 /* ActiveView.m in Sources */ = {isa = PBXBuildFile; fileRef = 3E2798821DAFACF600403F02 /* ActiveView.m */; };
		3EB49D0B1DC1FC7B007B523C /* FXQScan.m in Sources */ = {isa = PBXBuildFile; fileRef = 3EB49D0A1DC1FC7B007B523C /* FXQScan.m */; };
		3EC835BD1DB070A200BB827F /* SuccessViewController.m in Sources */ = {isa = PBXBuildFile; fileRef = 3EC835BC1DB070A200BB827F /* SuccessViewController.m */; };
		3EC835C01DB070B500BB827F /* FailViewController.m in Sources */ = {isa = PBXBuildFile; fileRef = 3EC835BF1DB070B500BB827F /* FailViewController.m */; };
		3EC835C31DB08BBC00BB827F /* SuccessView.m in Sources */ = {isa = PBXBuildFile; fileRef = 3EC835C21DB08BBC00BB827F /* SuccessView.m */; };
		3EC835C71DB09AB700BB827F /* FailView.m in Sources */ = {isa = PBXBuildFile; fileRef = 3EC835C61DB09AB700BB827F /* FailView.m */; };
/* End PBXBuildFile section */

/* Begin PBXFileReference section */
		3E119C811DB711A7004E7A73 /* AFHTTPSessionManager.h */ = {isa = PBXFileReference; fileEncoding = 4; lastKnownFileType = sourcecode.c.h; path = AFHTTPSessionManager.h; sourceTree = "<group>"; };
		3E119C821DB711A7004E7A73 /* AFHTTPSessionManager.m */ = {isa = PBXFileReference; fileEncoding = 4; lastKnownFileType = sourcecode.c.objc; path = AFHTTPSessionManager.m; sourceTree = "<group>"; };
		3E119C831DB711A7004E7A73 /* AFNetworking.h */ = {isa = PBXFileReference; fileEncoding = 4; lastKnownFileType = sourcecode.c.h; path = AFNetworking.h; sourceTree = "<group>"; };
		3E119C841DB711A7004E7A73 /* AFNetworkReachabilityManager.h */ = {isa = PBXFileReference; fileEncoding = 4; lastKnownFileType = sourcecode.c.h; path = AFNetworkReachabilityManager.h; sourceTree = "<group>"; };
		3E119C851DB711A7004E7A73 /* AFNetworkReachabilityManager.m */ = {isa = PBXFileReference; fileEncoding = 4; lastKnownFileType = sourcecode.c.objc; path = AFNetworkReachabilityManager.m; sourceTree = "<group>"; };
		3E119C861DB711A7004E7A73 /* AFSecurityPolicy.h */ = {isa = PBXFileReference; fileEncoding = 4; lastKnownFileType = sourcecode.c.h; path = AFSecurityPolicy.h; sourceTree = "<group>"; };
		3E119C871DB711A7004E7A73 /* AFSecurityPolicy.m */ = {isa = PBXFileReference; fileEncoding = 4; lastKnownFileType = sourcecode.c.objc; path = AFSecurityPolicy.m; sourceTree = "<group>"; };
		3E119C881DB711A7004E7A73 /* AFURLRequestSerialization.h */ = {isa = PBXFileReference; fileEncoding = 4; lastKnownFileType = sourcecode.c.h; path = AFURLRequestSerialization.h; sourceTree = "<group>"; };
		3E119C891DB711A7004E7A73 /* AFURLRequestSerialization.m */ = {isa = PBXFileReference; fileEncoding = 4; lastKnownFileType = sourcecode.c.objc; path = AFURLRequestSerialization.m; sourceTree = "<group>"; };
		3E119C8A1DB711A7004E7A73 /* AFURLResponseSerialization.h */ = {isa = PBXFileReference; fileEncoding = 4; lastKnownFileType = sourcecode.c.h; path = AFURLResponseSerialization.h; sourceTree = "<group>"; };
		3E119C8B1DB711A7004E7A73 /* AFURLResponseSerialization.m */ = {isa = PBXFileReference; fileEncoding = 4; lastKnownFileType = sourcecode.c.objc; path = AFURLResponseSerialization.m; sourceTree = "<group>"; };
		3E119C8C1DB711A7004E7A73 /* AFURLSessionManager.h */ = {isa = PBXFileReference; fileEncoding = 4; lastKnownFileType = sourcecode.c.h; path = AFURLSessionManager.h; sourceTree = "<group>"; };
		3E119C8D1DB711A7004E7A73 /* AFURLSessionManager.m */ = {isa = PBXFileReference; fileEncoding = 4; lastKnownFileType = sourcecode.c.objc; path = AFURLSessionManager.m; sourceTree = "<group>"; };
		3E119C951DB71A89004E7A73 /* LTTWHttpRequest.h */ = {isa = PBXFileReference; fileEncoding = 4; lastKnownFileType = sourcecode.c.h; path = LTTWHttpRequest.h; sourceTree = "<group>"; };
		3E119C961DB71A89004E7A73 /* LTTWHttpRequest.m */ = {isa = PBXFileReference; fileEncoding = 4; lastKnownFileType = sourcecode.c.objc; path = LTTWHttpRequest.m; sourceTree = "<group>"; };
		3E119C991DB72790004E7A73 /* CFNetwork.framework */ = {isa = PBXFileReference; lastKnownFileType = wrapper.framework; name = CFNetwork.framework; path = System/Library/Frameworks/CFNetwork.framework; sourceTree = SDKROOT; };
		3E2798601DAF903700403F02 /* LTQA.app */ = {isa = PBXFileReference; explicitFileType = wrapper.application; includeInIndex = 0; path = LTQA.app; sourceTree = BUILT_PRODUCTS_DIR; };
		3E2798641DAF903700403F02 /* main.m */ = {isa = PBXFileReference; lastKnownFileType = sourcecode.c.objc; path = main.m; sourceTree = "<group>"; };
		3E2798661DAF903700403F02 /* AppDelegate.h */ = {isa = PBXFileReference; lastKnownFileType = sourcecode.c.h; path = AppDelegate.h; sourceTree = "<group>"; };
		3E2798671DAF903700403F02 /* AppDelegate.m */ = {isa = PBXFileReference; lastKnownFileType = sourcecode.c.objc; path = AppDelegate.m; sourceTree = "<group>"; };
		3E27986D1DAF903700403F02 /* Base */ = {isa = PBXFileReference; lastKnownFileType = file.storyboard; name = Base; path = Base.lproj/Main.storyboard; sourceTree = "<group>"; };
		3E2798721DAF903700403F02 /* Base */ = {isa = PBXFileReference; lastKnownFileType = file.storyboard; name = Base; path = Base.lproj/LaunchScreen.storyboard; sourceTree = "<group>"; };
		3E2798741DAF903700403F02 /* Info.plist */ = {isa = PBXFileReference; lastKnownFileType = text.plist.xml; path = Info.plist; sourceTree = "<group>"; };
		3E27987A1DAF909A00403F02 /* Assets.xcassets */ = {isa = PBXFileReference; lastKnownFileType = folder.assetcatalog; path = Assets.xcassets; sourceTree = "<group>"; };
		3E27987D1DAFACD500403F02 /* ViewController.h */ = {isa = PBXFileReference; fileEncoding = 4; lastKnownFileType = sourcecode.c.h; path = ViewController.h; sourceTree = "<group>"; };
		3E27987E1DAFACD500403F02 /* ViewController.m */ = {isa = PBXFileReference; fileEncoding = 4; lastKnownFileType = sourcecode.c.objc; path = ViewController.m; sourceTree = "<group>"; };
		3E2798811DAFACF600403F02 /* ActiveView.h */ = {isa = PBXFileReference; fileEncoding = 4; lastKnownFileType = sourcecode.c.h; path = ActiveView.h; sourceTree = "<group>"; };
		3E2798821DAFACF600403F02 /* ActiveView.m */ = {isa = PBXFileReference; fileEncoding = 4; lastKnownFileType = sourcecode.c.objc; path = ActiveView.m; sourceTree = "<group>"; };
		3EB49D091DC1FC7B007B523C /* FXQScan.h */ = {isa = PBXFileReference; fileEncoding = 4; lastKnownFileType = sourcecode.c.h; path = FXQScan.h; sourceTree = "<group>"; };
		3EB49D0A1DC1FC7B007B523C /* FXQScan.m */ = {isa = PBXFileReference; fileEncoding = 4; lastKnownFileType = sourcecode.c.objc; path = FXQScan.m; sourceTree = "<group>"; };
		3EC835BB1DB070A200BB827F /* SuccessViewController.h */ = {isa = PBXFileReference; fileEncoding = 4; lastKnownFileType = sourcecode.c.h; path = SuccessViewController.h; sourceTree = "<group>"; };
		3EC835BC1DB070A200BB827F /* SuccessViewController.m */ = {isa = PBXFileReference; fileEncoding = 4; lastKnownFileType = sourcecode.c.objc; path = SuccessViewController.m; sourceTree = "<group>"; };
		3EC835BE1DB070B500BB827F /* FailViewController.h */ = {isa = PBXFileReference; fileEncoding = 4; lastKnownFileType = sourcecode.c.h; path = FailViewController.h; sourceTree = "<group>"; };
		3EC835BF1DB070B500BB827F /* FailViewController.m */ = {isa = PBXFileReference; fileEncoding = 4; lastKnownFileType = sourcecode.c.objc; path = FailViewController.m; sourceTree = "<group>"; };
		3EC835C11DB08BBC00BB827F /* SuccessView.h */ = {isa = PBXFileReference; fileEncoding = 4; lastKnownFileType = sourcecode.c.h; path = SuccessView.h; sourceTree = "<group>"; };
		3EC835C21DB08BBC00BB827F /* SuccessView.m */ = {isa = PBXFileReference; fileEncoding = 4; lastKnownFileType = sourcecode.c.objc; path = SuccessView.m; sourceTree = "<group>"; };
		3EC835C41DB08BEE00BB827F /* PrefixHeader.pch */ = {isa = PBXFileReference; lastKnownFileType = sourcecode.c.h; path = PrefixHeader.pch; sourceTree = "<group>"; };
		3EC835C51DB09AB700BB827F /* FailView.h */ = {isa = PBXFileReference; fileEncoding = 4; lastKnownFileType = sourcecode.c.h; path = FailView.h; sourceTree = "<group>"; };
		3EC835C61DB09AB700BB827F /* FailView.m */ = {isa = PBXFileReference; fileEncoding = 4; lastKnownFileType = sourcecode.c.objc; path = FailView.m; sourceTree = "<group>"; };
/* End PBXFileReference section */

/* Begin PBXFrameworksBuildPhase section */
		3E27985D1DAF903700403F02 /* Frameworks */ = {
			isa = PBXFrameworksBuildPhase;
			buildActionMask = 2147483647;
			files = (
				3E119C9A1DB72790004E7A73 /* CFNetwork.framework in Frameworks */,
			);
			runOnlyForDeploymentPostprocessing = 0;
		};
/* End PBXFrameworksBuildPhase section */

/* Begin PBXGroup section */
		3E119C7F1DB711A7004E7A73 /* Lib */ = {
			isa = PBXGroup;
			children = (
				3EB49D081DC1FC7B007B523C /* FXQScan */,
				3E119C801DB711A7004E7A73 /* AFNetworking */,
			);
			path = Lib;
			sourceTree = "<group>";
		};
		3E119C801DB711A7004E7A73 /* AFNetworking */ = {
			isa = PBXGroup;
			children = (
				3E119C811DB711A7004E7A73 /* AFHTTPSessionManager.h */,
				3E119C821DB711A7004E7A73 /* AFHTTPSessionManager.m */,
				3E119C831DB711A7004E7A73 /* AFNetworking.h */,
				3E119C841DB711A7004E7A73 /* AFNetworkReachabilityManager.h */,
				3E119C851DB711A7004E7A73 /* AFNetworkReachabilityManager.m */,
				3E119C861DB711A7004E7A73 /* AFSecurityPolicy.h */,
				3E119C871DB711A7004E7A73 /* AFSecurityPolicy.m */,
				3E119C881DB711A7004E7A73 /* AFURLRequestSerialization.h */,
				3E119C891DB711A7004E7A73 /* AFURLRequestSerialization.m */,
				3E119C8A1DB711A7004E7A73 /* AFURLResponseSerialization.h */,
				3E119C8B1DB711A7004E7A73 /* AFURLResponseSerialization.m */,
				3E119C8C1DB711A7004E7A73 /* AFURLSessionManager.h */,
				3E119C8D1DB711A7004E7A73 /* AFURLSessionManager.m */,
			);
			path = AFNetworking;
			sourceTree = "<group>";
		};
		3E119C941DB71A89004E7A73 /* Tools */ = {
			isa = PBXGroup;
			children = (
				3E119C951DB71A89004E7A73 /* LTTWHttpRequest.h */,
				3E119C961DB71A89004E7A73 /* LTTWHttpRequest.m */,
			);
			path = Tools;
			sourceTree = "<group>";
		};
		3E119C981DB72785004E7A73 /* Frameworks */ = {
			isa = PBXGroup;
			children = (
				3E119C991DB72790004E7A73 /* CFNetwork.framework */,
			);
			path = Frameworks;
			sourceTree = "<group>";
		};
		3E2798571DAF903700403F02 = {
			isa = PBXGroup;
			children = (
				3E119C981DB72785004E7A73 /* Frameworks */,
				3E119C941DB71A89004E7A73 /* Tools */,
				3E119C7F1DB711A7004E7A73 /* Lib */,
				3E27987C1DAFACD500403F02 /* Controllers */,
				3E27987F1DAFACD500403F02 /* Views */,
				3E2798621DAF903700403F02 /* LTQA */,
				3E2798611DAF903700403F02 /* Products */,
			);
			sourceTree = "<group>";
		};
		3E2798611DAF903700403F02 /* Products */ = {
			isa = PBXGroup;
			children = (
				3E2798601DAF903700403F02 /* LTQA.app */,
			);
			name = Products;
			sourceTree = "<group>";
		};
		3E2798621DAF903700403F02 /* LTQA */ = {
			isa = PBXGroup;
			children = (
				3E27987A1DAF909A00403F02 /* Assets.xcassets */,
				3E2798661DAF903700403F02 /* AppDelegate.h */,
				3E2798671DAF903700403F02 /* AppDelegate.m */,
				3E27986C1DAF903700403F02 /* Main.storyboard */,
				3E2798711DAF903700403F02 /* LaunchScreen.storyboard */,
				3E2798741DAF903700403F02 /* Info.plist */,
				3E2798631DAF903700403F02 /* Supporting Files */,
				3EC835C41DB08BEE00BB827F /* PrefixHeader.pch */,
			);
			path = LTQA;
			sourceTree = "<group>";
		};
		3E2798631DAF903700403F02 /* Supporting Files */ = {
			isa = PBXGroup;
			children = (
				3E2798641DAF903700403F02 /* main.m */,
			);
			name = "Supporting Files";
			sourceTree = "<group>";
		};
		3E27987C1DAFACD500403F02 /* Controllers */ = {
			isa = PBXGroup;
			children = (
				3E27987D1DAFACD500403F02 /* ViewController.h */,
				3E27987E1DAFACD500403F02 /* ViewController.m */,
				3EC835BB1DB070A200BB827F /* SuccessViewController.h */,
				3EC835BC1DB070A200BB827F /* SuccessViewController.m */,
				3EC835BE1DB070B500BB827F /* FailViewController.h */,
				3EC835BF1DB070B500BB827F /* FailViewController.m */,
			);
			name = Controllers;
			path = LTQA/Controllers;
			sourceTree = "<group>";
		};
		3E27987F1DAFACD500403F02 /* Views */ = {
			isa = PBXGroup;
			children = (
				3E2798811DAFACF600403F02 /* ActiveView.h */,
				3E2798821DAFACF600403F02 /* ActiveView.m */,
				3EC835C11DB08BBC00BB827F /* SuccessView.h */,
				3EC835C21DB08BBC00BB827F /* SuccessView.m */,
				3EC835C51DB09AB700BB827F /* FailView.h */,
				3EC835C61DB09AB700BB827F /* FailView.m */,
			);
			name = Views;
			path = LTQA/Views;
			sourceTree = "<group>";
		};
		3EB49D081DC1FC7B007B523C /* FXQScan */ = {
			isa = PBXGroup;
			children = (
				3EB49D091DC1FC7B007B523C /* FXQScan.h */,
				3EB49D0A1DC1FC7B007B523C /* FXQScan.m */,
			);
			path = FXQScan;
			sourceTree = "<group>";
		};
/* End PBXGroup section */

/* Begin PBXNativeTarget section */
		3E27985F1DAF903700403F02 /* LTQA */ = {
			isa = PBXNativeTarget;
			buildConfigurationList = 3E2798771DAF903700403F02 /* Build configuration list for PBXNativeTarget "LTQA" */;
			buildPhases = (
				3E27985C1DAF903700403F02 /* Sources */,
				3E27985D1DAF903700403F02 /* Frameworks */,
				3E27985E1DAF903700403F02 /* Resources */,
			);
			buildRules = (
			);
			dependencies = (
			);
			name = LTQA;
			productName = LTQA;
			productReference = 3E2798601DAF903700403F02 /* LTQA.app */;
			productType = "com.apple.product-type.application";
		};
/* End PBXNativeTarget section */

/* Begin PBXProject section */
		3E2798581DAF903700403F02 /* Project object */ = {
			isa = PBXProject;
			attributes = {
				LastUpgradeCheck = 0800;
				ORGANIZATIONNAME = "付晓强";
				TargetAttributes = {
					3E27985F1DAF903700403F02 = {
						CreatedOnToolsVersion = 8.0;
						DevelopmentTeam = UC3LC49W33;
						ProvisioningStyle = Automatic;
					};
				};
			};
			buildConfigurationList = 3E27985B1DAF903700403F02 /* Build configuration list for PBXProject "LTQA" */;
			compatibilityVersion = "Xcode 3.2";
			developmentRegion = English;
			hasScannedForEncodings = 0;
			knownRegions = (
				en,
				Base,
			);
			mainGroup = 3E2798571DAF903700403F02;
			productRefGroup = 3E2798611DAF903700403F02 /* Products */;
			projectDirPath = "";
			projectRoot = "";
			targets = (
				3E27985F1DAF903700403F02 /* LTQA */,
			);
		};
/* End PBXProject section */

/* Begin PBXResourcesBuildPhase section */
		3E27985E1DAF903700403F02 /* Resources */ = {
			isa = PBXResourcesBuildPhase;
			buildActionMask = 2147483647;
			files = (
				3E2798731DAF903700403F02 /* LaunchScreen.storyboard in Resources */,
				3E27987B1DAF909A00403F02 /* Assets.xcassets in Resources */,
				3E27986E1DAF903700403F02 /* Main.storyboard in Resources */,
			);
			runOnlyForDeploymentPostprocessing = 0;
		};
/* End PBXResourcesBuildPhase section */

/* Begin PBXSourcesBuildPhase section */
		3E27985C1DAF903700403F02 /* Sources */ = {
			isa = PBXSourcesBuildPhase;
			buildActionMask = 2147483647;
			files = (
				3E2798801DAFACD500403F02 /* ViewController.m in Sources */,
				3E2798681DAF903700403F02 /* AppDelegate.m in Sources */,
				3E119C8F1DB711A7004E7A73 /* AFNetworkReachabilityManager.m in Sources */,
				3E119C931DB711A7004E7A73 /* AFURLSessionManager.m in Sources */,
				3E119C911DB711A7004E7A73 /* AFURLRequestSerialization.m in Sources */,
				3EC835C31DB08BBC00BB827F /* SuccessView.m in Sources */,
				3E119C921DB711A7004E7A73 /* AFURLResponseSerialization.m in Sources */,
				3E119C8E1DB711A7004E7A73 /* AFHTTPSessionManager.m in Sources */,
				3EB49D0B1DC1FC7B007B523C /* FXQScan.m in Sources */,
				3EC835C01DB070B500BB827F /* FailViewController.m in Sources */,
				3EC835C71DB09AB700BB827F /* FailView.m in Sources */,
				3E119C971DB71A89004E7A73 /* LTTWHttpRequest.m in Sources */,
				3E2798831DAFACF600403F02 /* ActiveView.m in Sources */,
				3EC835BD1DB070A200BB827F /* SuccessViewController.m in Sources */,
				3E119C901DB711A7004E7A73 /* AFSecurityPolicy.m in Sources */,
				3E2798651DAF903700403F02 /* main.m in Sources */,
			);
			runOnlyForDeploymentPostprocessing = 0;
		};
/* End PBXSourcesBuildPhase section */

/* Begin PBXVariantGroup section */
		3E27986C1DAF903700403F02 /* Main.storyboard */ = {
			isa = PBXVariantGroup;
			children = (
				3E27986D1DAF903700403F02 /* Base */,
			);
			name = Main.storyboard;
			sourceTree = "<group>";
		};
		3E2798711DAF903700403F02 /* LaunchScreen.storyboard */ = {
			isa = PBXVariantGroup;
			children = (
				3E2798721DAF903700403F02 /* Base */,
			);
			name = LaunchScreen.storyboard;
			sourceTree = "<group>";
		};
/* End PBXVariantGroup section */

/* Begin XCBuildConfiguration section */
		3E2798751DAF903700403F02 /* Debug */ = {
			isa = XCBuildConfiguration;
			buildSettings = {
				ALWAYS_SEARCH_USER_PATHS = NO;
				CLANG_ANALYZER_NONNULL = YES;
				CLANG_CXX_LANGUAGE_STANDARD = "gnu++0x";
				CLANG_CXX_LIBRARY = "libc++";
				CLANG_ENABLE_MODULES = YES;
				CLANG_ENABLE_OBJC_ARC = YES;
				CLANG_WARN_BOOL_CONVERSION = YES;
				CLANG_WARN_CONSTANT_CONVERSION = YES;
				CLANG_WARN_DIRECT_OBJC_ISA_USAGE = YES_ERROR;
				CLANG_WARN_DOCUMENTATION_COMMENTS = YES;
				CLANG_WARN_EMPTY_BODY = YES;
				CLANG_WARN_ENUM_CONVERSION = YES;
				CLANG_WARN_INFINITE_RECURSION = YES;
				CLANG_WARN_INT_CONVERSION = YES;
				CLANG_WARN_OBJC_ROOT_CLASS = YES_ERROR;
				CLANG_WARN_SUSPICIOUS_MOVES = YES;
				CLANG_WARN_UNREACHABLE_CODE = YES;
				CLANG_WARN__DUPLICATE_METHOD_MATCH = YES;
				"CODE_SIGN_IDENTITY[sdk=iphoneos*]" = "iPhone Developer";
				COPY_PHASE_STRIP = NO;
				DEBUG_INFORMATION_FORMAT = dwarf;
				ENABLE_STRICT_OBJC_MSGSEND = YES;
				ENABLE_TESTABILITY = YES;
				GCC_C_LANGUAGE_STANDARD = gnu99;
				GCC_DYNAMIC_NO_PIC = NO;
				GCC_NO_COMMON_BLOCKS = YES;
				GCC_OPTIMIZATION_LEVEL = 0;
				GCC_PREPROCESSOR_DEFINITIONS = (
					"DEBUG=1",
					"$(inherited)",
				);
				GCC_WARN_64_TO_32_BIT_CONVERSION = YES;
				GCC_WARN_ABOUT_RETURN_TYPE = YES_ERROR;
				GCC_WARN_UNDECLARED_SELECTOR = YES;
				GCC_WARN_UNINITIALIZED_AUTOS = YES_AGGRESSIVE;
				GCC_WARN_UNUSED_FUNCTION = YES;
				GCC_WARN_UNUSED_VARIABLE = YES;
				IPHONEOS_DEPLOYMENT_TARGET = 10.0;
				MTL_ENABLE_DEBUG_INFO = YES;
				ONLY_ACTIVE_ARCH = YES;
				SDKROOT = iphoneos;
			};
			name = Debug;
		};
		3E2798761DAF903700403F02 /* Release */ = {
			isa = XCBuildConfiguration;
			buildSettings = {
				ALWAYS_SEARCH_USER_PATHS = NO;
				CLANG_ANALYZER_NONNULL = YES;
				CLANG_CXX_LANGUAGE_STANDARD = "gnu++0x";
				CLANG_CXX_LIBRARY = "libc++";
				CLANG_ENABLE_MODULES = YES;
				CLANG_ENABLE_OBJC_ARC = YES;
				CLANG_WARN_BOOL_CONVERSION = YES;
				CLANG_WARN_CONSTANT_CONVERSION = YES;
				CLANG_WARN_DIRECT_OBJC_ISA_USAGE = YES_ERROR;
				CLANG_WARN_DOCUMENTATION_COMMENTS = YES;
				CLANG_WARN_EMPTY_BODY = YES;
				CLANG_WARN_ENUM_CONVERSION = YES;
				CLANG_WARN_INFINITE_RECURSION = YES;
				CLANG_WARN_INT_CONVERSION = YES;
				CLANG_WARN_OBJC_ROOT_CLASS = YES_ERROR;
				CLANG_WARN_SUSPICIOUS_MOVES = YES;
				CLANG_WARN_UNREACHABLE_CODE = YES;
				CLANG_WARN__DUPLICATE_METHOD_MATCH = YES;
				"CODE_SIGN_IDENTITY[sdk=iphoneos*]" = "iPhone Developer";
				COPY_PHASE_STRIP = NO;
				DEBUG_INFORMATION_FORMAT = "dwarf-with-dsym";
				ENABLE_NS_ASSERTIONS = NO;
				ENABLE_STRICT_OBJC_MSGSEND = YES;
				GCC_C_LANGUAGE_STANDARD = gnu99;
				GCC_NO_COMMON_BLOCKS = YES;
				GCC_WARN_64_TO_32_BIT_CONVERSION = YES;
				GCC_WARN_ABOUT_RETURN_TYPE = YES_ERROR;
				GCC_WARN_UNDECLARED_SELECTOR = YES;
				GCC_WARN_UNINITIALIZED_AUTOS = YES_AGGRESSIVE;
				GCC_WARN_UNUSED_FUNCTION = YES;
				GCC_WARN_UNUSED_VARIABLE = YES;
				IPHONEOS_DEPLOYMENT_TARGET = 10.0;
				MTL_ENABLE_DEBUG_INFO = NO;
				SDKROOT = iphoneos;
				VALIDATE_PRODUCT = YES;
			};
			name = Release;
		};
		3E2798781DAF903700403F02 /* Debug */ = {
			isa = XCBuildConfiguration;
			buildSettings = {
				ASSETCATALOG_COMPILER_APPICON_NAME = AppIcon;
				CODE_SIGN_IDENTITY = "iPhone Developer: Yang Jiao (X67TLGEXL3)";
				"CODE_SIGN_IDENTITY[sdk=iphoneos*]" = "iPhone Developer";
				DEVELOPMENT_TEAM = UC3LC49W33;
				GCC_PREFIX_HEADER = LTQA/PrefixHeader.pch;
				INFOPLIST_FILE = LTQA/Info.plist;
				IPHONEOS_DEPLOYMENT_TARGET = 8.0;
				LD_RUNPATH_SEARCH_PATHS = "$(inherited) @executable_path/Frameworks";
				PRODUCT_BUNDLE_IDENTIFIER = com.longtugame.wowm;
				PRODUCT_NAME = "$(TARGET_NAME)";
				PROVISIONING_PROFILE = "";
				PROVISIONING_PROFILE_SPECIFIER = "";
			};
			name = Debug;
		};
		3E2798791DAF903700403F02 /* Release */ = {
			isa = XCBuildConfiguration;
			buildSettings = {
				ASSETCATALOG_COMPILER_APPICON_NAME = AppIcon;
				CODE_SIGN_IDENTITY = "iPhone Developer: Yang Jiao (X67TLGEXL3)";
				"CODE_SIGN_IDENTITY[sdk=iphoneos*]" = "iPhone Developer";
				DEVELOPMENT_TEAM = UC3LC49W33;
				GCC_PREFIX_HEADER = LTQA/PrefixHeader.pch;
				INFOPLIST_FILE = LTQA/Info.plist;
				IPHONEOS_DEPLOYMENT_TARGET = 8.0;
				LD_RUNPATH_SEARCH_PATHS = "$(inherited) @executable_path/Frameworks";
				PRODUCT_BUNDLE_IDENTIFIER = com.longtugame.wowm;
				PRODUCT_NAME = "$(TARGET_NAME)";
				PROVISIONING_PROFILE = "";
				PROVISIONING_PROFILE_SPECIFIER = "";
			};
			name = Release;
		};
/* End XCBuildConfiguration section */

/* Begin XCConfigurationList section */
		3E27985B1DAF903700403F02 /* Build configuration list for PBXProject "LTQA" */ = {
			isa = XCConfigurationList;
			buildConfigurations = (
				3E2798751DAF903700403F02 /* Debug */,
				3E2798761DAF903700403F02 /* Release */,
			);
			defaultConfigurationIsVisible = 0;
			defaultConfigurationName = Release;
		};
		3E2798771DAF903700403F02 /* Build configuration list for PBXNativeTarget "LTQA" */ = {
			isa = XCConfigurationList;
			buildConfigurations = (
				3E2798781DAF903700403F02 /* Debug */,
				3E2798791DAF903700403F02 /* Release */,
			);
			defaultConfigurationIsVisible = 0;
			defaultConfigurationName = Release;
		};
/* End XCConfigurationList section */
	};
	rootObject = 3E2798581DAF903700403F02 /* Project object */;
}
